
Microsoft Visual Studio Solution File, Format Version 12.00
# Visual Studio Version 16
VisualStudioVersion = 16.0.30114.105
MinimumVisualStudioVersion = 10.0.40219.1
Project("{FAE04EC0-301F-11D3-BF4B-00C04F79EFBC}") = "LoadSSN", "LoadSSN\LoadSSN.csproj", "{1EB0E57C-C610-44DD-B305-127E61754FCC}"
EndProject
Global
	GlobalSection(SolutionConfigurationPlatforms) = preSolution
		Debug|Any CPU = Debug|Any CPU
		Release|Any CPU = Release|Any CPU
	EndGlobalSection
	GlobalSection(ProjectConfigurationPlatforms) = postSolution
		{1EB0E57C-C610-44DD-B305-127E61754FCC}.Debug|Any CPU.ActiveCfg = Debug|Any CPU
		{1EB0E57C-C610-44DD-B305-127E61754FCC}.Debug|Any CPU.Build.0 = Debug|Any CPU
		{1EB0E57C-C610-44DD-B305-127E61754FCC}.Release|Any CPU.ActiveCfg = Release|Any CPU
		{1EB0E57C-C610-44DD-B305-127E61754FCC}.Release|Any CPU.Build.0 = Release|Any CPU
	EndGlobalSection
	GlobalSection(SolutionProperties) = preSolution
		HideSolutionNode = FALSE
	EndGlobalSection
	GlobalSection(ExtensibilityGlobals) = postSolution
		SolutionGuid = {626ECB1A-E519-4B6C-BC7B-6BC0E010A400}
	EndGlobalSection
EndGlobal
